
Microsoft Visual Studio Solution File, Format Version 12.00
# Visual Studio Version 16
VisualStudioVersion = 16.0.31624.102
MinimumVisualStudioVersion = 10.0.40219.1
Project("{FAE04EC0-301F-11D3-BF4B-00C04F79EFBC}") = "BankingApp", "BankingApp.csproj", "{B18EBC43-ED8E-45F0-B9C5-C30D01C377CE}"
EndProject
Global
	GlobalSection(SolutionConfigurationPlatforms) = preSolution
		Debug|Any CPU = Debug|Any CPU
		Release|Any CPU = Release|Any CPU
	EndGlobalSection
	GlobalSection(ProjectConfigurationPlatforms) = postSolution
		{B18EBC43-ED8E-45F0-B9C5-C30D01C377CE}.Debug|Any CPU.ActiveCfg = Debug|Any CPU
		{B18EBC43-ED8E-45F0-B9C5-C30D01C377CE}.Debug|Any CPU.Build.0 = Debug|Any CPU
		{B18EBC43-ED8E-45F0-B9C5-C30D01C377CE}.Release|Any CPU.ActiveCfg = Release|Any CPU
		{B18EBC43-ED8E-45F0-B9C5-C30D01C377CE}.Release|Any CPU.Build.0 = Release|Any CPU
	EndGlobalSection
	GlobalSection(SolutionProperties) = preSolution
		HideSolutionNode = FALSE
	EndGlobalSection
	GlobalSection(ExtensibilityGlobals) = postSolution
		SolutionGuid = {CB1EB671-EBE9-411B-B13D-326F9E9DA937}
	EndGlobalSection
EndGlobal
